
Microsoft Visual Studio Solution File, Format Version 12.00
# Visual Studio Version 17
VisualStudioVersion = 17.7.34024.191
MinimumVisualStudioVersion = 10.0.40219.1
Project("{FAE04EC0-301F-11D3-BF4B-00C04F79EFBC}") = "Server", "Server\Server.csproj", "{65669229-B018-4BAA-AA97-E271CA874A90}"
EndProject
Project("{FAE04EC0-301F-11D3-BF4B-00C04F79EFBC}") = "Client", "Client\Client.csproj", "{4FF4C623-3D42-4B80-8E00-7E73030C8C1F}"
EndProject
Project("{FAE04EC0-301F-11D3-BF4B-00C04F79EFBC}") = "Common", "Common\Common.csproj", "{9E8B8D61-D557-4C94-A575-5939DD013F55}"
EndProject
Global
	GlobalSection(SolutionConfigurationPlatforms) = preSolution
		Debug|Any CPU = Debug|Any CPU
		Release|Any CPU = Release|Any CPU
	EndGlobalSection
	GlobalSection(ProjectConfigurationPlatforms) = postSolution
		{65669229-B018-4BAA-AA97-E271CA874A90}.Debug|Any CPU.ActiveCfg = Debug|Any CPU
		{65669229-B018-4BAA-AA97-E271CA874A90}.Debug|Any CPU.Build.0 = Debug|Any CPU
		{65669229-B018-4BAA-AA97-E271CA874A90}.Release|Any CPU.ActiveCfg = Release|Any CPU
		{65669229-B018-4BAA-AA97-E271CA874A90}.Release|Any CPU.Build.0 = Release|Any CPU
		{4FF4C623-3D42-4B80-8E00-7E73030C8C1F}.Debug|Any CPU.ActiveCfg = Debug|Any CPU
		{4FF4C623-3D42-4B80-8E00-7E73030C8C1F}.Debug|Any CPU.Build.0 = Debug|Any CPU
		{4FF4C623-3D42-4B80-8E00-7E73030C8C1F}.Release|Any CPU.ActiveCfg = Release|Any CPU
		{4FF4C623-3D42-4B80-8E00-7E73030C8C1F}.Release|Any CPU.Build.0 = Release|Any CPU
		{9E8B8D61-D557-4C94-A575-5939DD013F55}.Debug|Any CPU.ActiveCfg = Debug|Any CPU
		{9E8B8D61-D557-4C94-A575-5939DD013F55}.Debug|Any CPU.Build.0 = Debug|Any CPU
		{9E8B8D61-D557-4C94-A575-5939DD013F55}.Release|Any CPU.ActiveCfg = Release|Any CPU
		{9E8B8D61-D557-4C94-A575-5939DD013F55}.Release|Any CPU.Build.0 = Release|Any CPU
	EndGlobalSection
	GlobalSection(SolutionProperties) = preSolution
		HideSolutionNode = FALSE
	EndGlobalSection
	GlobalSection(ExtensibilityGlobals) = postSolution
		SolutionGuid = {947F1EBC-5108-427A-9B08-7D79974451DF}
	EndGlobalSection
EndGlobal
